
Microsoft Visual Studio Solution File, Format Version 12.00
# Visual Studio 14
VisualStudioVersion = 14.0.24720.0
MinimumVisualStudioVersion = 10.0.40219.1
Project("{FAE04EC0-301F-11D3-BF4B-00C04F79EFBC}") = "BilboMVP", "BilboMVP\BilboMVP.csproj", "{545F1533-342F-404D-B478-B37793B448A0}"
EndProject
Project("{54435603-DBB4-11D2-8724-00A0C9A8B90C}") = "MVP BILBO x64", "MVP BILBO x64.vdproj", "{C75302DF-23B4-42EE-92D0-D4F6526523C9}"
EndProject
Global
	GlobalSection(SolutionConfigurationPlatforms) = preSolution
		Debug|Any CPU = Debug|Any CPU
		Release|Any CPU = Release|Any CPU
	EndGlobalSection
	GlobalSection(ProjectConfigurationPlatforms) = postSolution
		{545F1533-342F-404D-B478-B37793B448A0}.Debug|Any CPU.ActiveCfg = Debug|Any CPU
		{545F1533-342F-404D-B478-B37793B448A0}.Debug|Any CPU.Build.0 = Debug|Any CPU
		{545F1533-342F-404D-B478-B37793B448A0}.Release|Any CPU.ActiveCfg = Release|Any CPU
		{545F1533-342F-404D-B478-B37793B448A0}.Release|Any CPU.Build.0 = Release|Any CPU
		{C75302DF-23B4-42EE-92D0-D4F6526523C9}.Debug|Any CPU.ActiveCfg = Debug
		{C75302DF-23B4-42EE-92D0-D4F6526523C9}.Release|Any CPU.ActiveCfg = Release
	EndGlobalSection
	GlobalSection(SolutionProperties) = preSolution
		HideSolutionNode = FALSE
	EndGlobalSection
EndGlobal
